
Microsoft Visual Studio Solution File, Format Version 12.00
# Visual Studio 2012
Project("{FAE04EC0-301F-11D3-BF4B-00C04F79EFBC}") = "il.examples.nancyfx", "il.examples.nancyfx\il.examples.nancyfx.csproj", "{9EF345A7-3907-48B2-A793-19FB39D67FBD}"
EndProject
Global
	GlobalSection(SolutionConfigurationPlatforms) = preSolution
		Debug|Any CPU = Debug|Any CPU
		Release|Any CPU = Release|Any CPU
	EndGlobalSection
	GlobalSection(ProjectConfigurationPlatforms) = postSolution
		{9EF345A7-3907-48B2-A793-19FB39D67FBD}.Debug|Any CPU.ActiveCfg = Debug|Any CPU
		{9EF345A7-3907-48B2-A793-19FB39D67FBD}.Debug|Any CPU.Build.0 = Debug|Any CPU
		{9EF345A7-3907-48B2-A793-19FB39D67FBD}.Release|Any CPU.ActiveCfg = Release|Any CPU
		{9EF345A7-3907-48B2-A793-19FB39D67FBD}.Release|Any CPU.Build.0 = Release|Any CPU
	EndGlobalSection
	GlobalSection(SolutionProperties) = preSolution
		HideSolutionNode = FALSE
	EndGlobalSection
EndGlobal
